
Microsoft Visual Studio Solution File, Format Version 12.00
# Visual Studio Version 16
VisualStudioVersion = 16.0.33423.256
MinimumVisualStudioVersion = 10.0.40219.1
Project("{888888A0-9F3D-457C-B088-3A5042F75D52}") = "CA", "CA\CA.pyproj", "{6CB77CFC-3838-42D2-BF81-625E1A16D0DF}"
EndProject
Global
	GlobalSection(SolutionConfigurationPlatforms) = preSolution
		Debug|Any CPU = Debug|Any CPU
		Release|Any CPU = Release|Any CPU
	EndGlobalSection
	GlobalSection(ProjectConfigurationPlatforms) = postSolution
		{6CB77CFC-3838-42D2-BF81-625E1A16D0DF}.Debug|Any CPU.ActiveCfg = Debug|Any CPU
		{6CB77CFC-3838-42D2-BF81-625E1A16D0DF}.Debug|Any CPU.Build.0 = Debug|Any CPU
		{6CB77CFC-3838-42D2-BF81-625E1A16D0DF}.Release|Any CPU.ActiveCfg = Release|Any CPU
		{6CB77CFC-3838-42D2-BF81-625E1A16D0DF}.Release|Any CPU.Build.0 = Release|Any CPU
	EndGlobalSection
	GlobalSection(SolutionProperties) = preSolution
		HideSolutionNode = FALSE
	EndGlobalSection
	GlobalSection(ExtensibilityGlobals) = postSolution
		SolutionGuid = {7E08D318-0A91-4C4D-8971-B0F99CAB9F06}
	EndGlobalSection
EndGlobal
